github.com/fabienbellanger/codinGameSolutions/go/easy/1d-spreadsheet v0.0.0-20190823110820-72b21e660f0c h1:YZLUJw0VUNi01UIRVP6LZ5WaWWUbJ/gZEYWbGTwKbhc=
github.com/fabienbellanger/codinGameSolutions/go/easy/1d-spreadsheet v0.0.0-20190823110820-72b21e660f0c/go.mod h1:6Y7zhEchrv5mrmp43awcdWKO3jt+x0fC41pMXTAkXrg=
github.com/fabienbellanger/codinGameSolutions/go/easy/detective-pikaptcha-ep2 v0.0.0-20190823110820-72b21e660f0c h1:3BqBTEj06ElIVerJ6Y5MCY+ufu1ST87XJOUpkh+epco=
github.com/fabienbellanger/codinGameSolutions/go/easy/detective-pikaptcha-ep2 v0.0.0-20190823110820-72b21e660f0c/go.mod h1:1VErQcaEkPjPcU37Gi1u7xyxVeU4qdZNTgKDP2sf1e8=
github.com/fabienbellanger/codinGameSolutions/go/easy/temperatures v0.0.0-20190823110820-72b21e660f0c h1:7YlgOhlME3FAiLVQbfIcQ0lKcqWX37lAiXDOnDfJBoY=
github.com/fabienbellanger/codinGameSolutions/go/easy/temperatures v0.0.0-20190823110820-72b21e660f0c/go.mod h1:aXT3AS+K+YrvM3iK6IJzemiwM5ljXRnoPizw5DTgRio=
